
Microsoft Visual Studio Solution File, Format Version 12.00
# Visual Studio Version 16
VisualStudioVersion = 16.0.29020.237
MinimumVisualStudioVersion = 15.0.26124.0
Project("{2150E333-8FDC-42A3-9474-1A3956D46DE8}") = "MicroServices", "MicroServices", "{39B9D7DD-7D14-4BE5-B3E9-A428AF99E455}"
EndProject
Project("{9A19103F-16F7-4668-BE54-9A1E7A4F7556}") = "Usuario.API", "Usuario.API\Usuario.API.csproj", "{6C629961-0B0F-4060-8687-B742AC5CB593}"
EndProject
Project("{2150E333-8FDC-42A3-9474-1A3956D46DE8}") = "Usuario", "Usuario", "{9BB8F465-8E91-492B-8D01-B83A86C62BBC}"
EndProject
Project("{9A19103F-16F7-4668-BE54-9A1E7A4F7556}") = "Usuario.Domain", "Usuario.Domain\Usuario.Domain.csproj", "{9CF4EC51-7955-499C-A5F4-7B0FD53E864F}"
EndProject
Project("{9A19103F-16F7-4668-BE54-9A1E7A4F7556}") = "Usuario.Infrastructure", "Usuario.Infrastructure\Usuario.Infrastructure.csproj", "{07160B73-97C2-444C-911D-BD4338019A85}"
EndProject
Global
	GlobalSection(SolutionConfigurationPlatforms) = preSolution
		Debug|Any CPU = Debug|Any CPU
		Debug|x64 = Debug|x64
		Debug|x86 = Debug|x86
		Release|Any CPU = Release|Any CPU
		Release|x64 = Release|x64
		Release|x86 = Release|x86
	EndGlobalSection
	GlobalSection(ProjectConfigurationPlatforms) = postSolution
		{6C629961-0B0F-4060-8687-B742AC5CB593}.Debug|Any CPU.ActiveCfg = Debug|Any CPU
		{6C629961-0B0F-4060-8687-B742AC5CB593}.Debug|Any CPU.Build.0 = Debug|Any CPU
		{6C629961-0B0F-4060-8687-B742AC5CB593}.Debug|x64.ActiveCfg = Debug|Any CPU
		{6C629961-0B0F-4060-8687-B742AC5CB593}.Debug|x64.Build.0 = Debug|Any CPU
		{6C629961-0B0F-4060-8687-B742AC5CB593}.Debug|x86.ActiveCfg = Debug|Any CPU
		{6C629961-0B0F-4060-8687-B742AC5CB593}.Debug|x86.Build.0 = Debug|Any CPU
		{6C629961-0B0F-4060-8687-B742AC5CB593}.Release|Any CPU.ActiveCfg = Release|Any CPU
		{6C629961-0B0F-4060-8687-B742AC5CB593}.Release|Any CPU.Build.0 = Release|Any CPU
		{6C629961-0B0F-4060-8687-B742AC5CB593}.Release|x64.ActiveCfg = Release|Any CPU
		{6C629961-0B0F-4060-8687-B742AC5CB593}.Release|x64.Build.0 = Release|Any CPU
		{6C629961-0B0F-4060-8687-B742AC5CB593}.Release|x86.ActiveCfg = Release|Any CPU
		{6C629961-0B0F-4060-8687-B742AC5CB593}.Release|x86.Build.0 = Release|Any CPU
		{9CF4EC51-7955-499C-A5F4-7B0FD53E864F}.Debug|Any CPU.ActiveCfg = Debug|Any CPU
		{9CF4EC51-7955-499C-A5F4-7B0FD53E864F}.Debug|Any CPU.Build.0 = Debug|Any CPU
		{9CF4EC51-7955-499C-A5F4-7B0FD53E864F}.Debug|x64.ActiveCfg = Debug|Any CPU
		{9CF4EC51-7955-499C-A5F4-7B0FD53E864F}.Debug|x64.Build.0 = Debug|Any CPU
		{9CF4EC51-7955-499C-A5F4-7B0FD53E864F}.Debug|x86.ActiveCfg = Debug|Any CPU
		{9CF4EC51-7955-499C-A5F4-7B0FD53E864F}.Debug|x86.Build.0 = Debug|Any CPU
		{9CF4EC51-7955-499C-A5F4-7B0FD53E864F}.Release|Any CPU.ActiveCfg = Release|Any CPU
		{9CF4EC51-7955-499C-A5F4-7B0FD53E864F}.Release|Any CPU.Build.0 = Release|Any CPU
		{9CF4EC51-7955-499C-A5F4-7B0FD53E864F}.Release|x64.ActiveCfg = Release|Any CPU
		{9CF4EC51-7955-499C-A5F4-7B0FD53E864F}.Release|x64.Build.0 = Release|Any CPU
		{9CF4EC51-7955-499C-A5F4-7B0FD53E864F}.Release|x86.ActiveCfg = Release|Any CPU
		{9CF4EC51-7955-499C-A5F4-7B0FD53E864F}.Release|x86.Build.0 = Release|Any CPU
		{07160B73-97C2-444C-911D-BD4338019A85}.Debug|Any CPU.ActiveCfg = Debug|Any CPU
		{07160B73-97C2-444C-911D-BD4338019A85}.Debug|Any CPU.Build.0 = Debug|Any CPU
		{07160B73-97C2-444C-911D-BD4338019A85}.Debug|x64.ActiveCfg = Debug|Any CPU
		{07160B73-97C2-444C-911D-BD4338019A85}.Debug|x64.Build.0 = Debug|Any CPU
		{07160B73-97C2-444C-911D-BD4338019A85}.Debug|x86.ActiveCfg = Debug|Any CPU
		{07160B73-97C2-444C-911D-BD4338019A85}.Debug|x86.Build.0 = Debug|Any CPU
		{07160B73-97C2-444C-911D-BD4338019A85}.Release|Any CPU.ActiveCfg = Release|Any CPU
		{07160B73-97C2-444C-911D-BD4338019A85}.Release|Any CPU.Build.0 = Release|Any CPU
		{07160B73-97C2-444C-911D-BD4338019A85}.Release|x64.ActiveCfg = Release|Any CPU
		{07160B73-97C2-444C-911D-BD4338019A85}.Release|x64.Build.0 = Release|Any CPU
		{07160B73-97C2-444C-911D-BD4338019A85}.Release|x86.ActiveCfg = Release|Any CPU
		{07160B73-97C2-444C-911D-BD4338019A85}.Release|x86.Build.0 = Release|Any CPU
	EndGlobalSection
	GlobalSection(SolutionProperties) = preSolution
		HideSolutionNode = FALSE
	EndGlobalSection
	GlobalSection(NestedProjects) = preSolution
		{6C629961-0B0F-4060-8687-B742AC5CB593} = {9BB8F465-8E91-492B-8D01-B83A86C62BBC}
		{9BB8F465-8E91-492B-8D01-B83A86C62BBC} = {39B9D7DD-7D14-4BE5-B3E9-A428AF99E455}
		{9CF4EC51-7955-499C-A5F4-7B0FD53E864F} = {9BB8F465-8E91-492B-8D01-B83A86C62BBC}
		{07160B73-97C2-444C-911D-BD4338019A85} = {9BB8F465-8E91-492B-8D01-B83A86C62BBC}
	EndGlobalSection
	GlobalSection(ExtensibilityGlobals) = postSolution
		SolutionGuid = {BAAF0A1B-8177-45EC-B2B2-38818EC420E5}
	EndGlobalSection
EndGlobal
